
Microsoft Visual Studio Solution File, Format Version 12.00
# Visual Studio 15
VisualStudioVersion = 15.0.27428.2005
MinimumVisualStudioVersion = 10.0.40219.1
Project("{FAE04EC0-301F-11D3-BF4B-00C04F79EFBC}") = "SwindustryBanking", "SwindustryBanking\SwindustryBanking.csproj", "{A040CD0D-E8A4-4088-A4D5-7F9679B26F12}"
EndProject
Global
	GlobalSection(SolutionConfigurationPlatforms) = preSolution
		Debug|Any CPU = Debug|Any CPU
		Release|Any CPU = Release|Any CPU
	EndGlobalSection
	GlobalSection(ProjectConfigurationPlatforms) = postSolution
		{A040CD0D-E8A4-4088-A4D5-7F9679B26F12}.Debug|Any CPU.ActiveCfg = Debug|Any CPU
		{A040CD0D-E8A4-4088-A4D5-7F9679B26F12}.Debug|Any CPU.Build.0 = Debug|Any CPU
		{A040CD0D-E8A4-4088-A4D5-7F9679B26F12}.Release|Any CPU.ActiveCfg = Release|Any CPU
		{A040CD0D-E8A4-4088-A4D5-7F9679B26F12}.Release|Any CPU.Build.0 = Release|Any CPU
	EndGlobalSection
	GlobalSection(SolutionProperties) = preSolution
		HideSolutionNode = FALSE
	EndGlobalSection
	GlobalSection(ExtensibilityGlobals) = postSolution
		SolutionGuid = {2FC09598-0338-4EB1-A3D2-63EC1F889D64}
	EndGlobalSection
EndGlobal
